
Microsoft Visual Studio Solution File, Format Version 12.00
# Visual Studio 2013
VisualStudioVersion = 12.0.21005.1
MinimumVisualStudioVersion = 10.0.40219.1
Project("{FAE04EC0-301F-11D3-BF4B-00C04F79EFBC}") = "UnitsLib", "UnitsLib\UnitsLib.csproj", "{2B1C0223-4DE6-4E35-A1FC-1D412C05BDBF}"
EndProject
Project("{FAE04EC0-301F-11D3-BF4B-00C04F79EFBC}") = "UnitsLib.Test", "UnitsLib.Test\UnitsLib.Test.csproj", "{0A308410-A863-4503-9388-66B136BE3E72}"
EndProject
Project("{2150E333-8FDC-42A3-9474-1A3956D46DE8}") = ".nuget", ".nuget", "{15DA4F91-230E-440E-840F-A45A1FEB2CED}"
	ProjectSection(SolutionItems) = preProject
		.nuget\packages.config = .nuget\packages.config
	EndProjectSection
EndProject
Global
	GlobalSection(SolutionConfigurationPlatforms) = preSolution
		Debug|Any CPU = Debug|Any CPU
		Release|Any CPU = Release|Any CPU
	EndGlobalSection
	GlobalSection(ProjectConfigurationPlatforms) = postSolution
		{2B1C0223-4DE6-4E35-A1FC-1D412C05BDBF}.Debug|Any CPU.ActiveCfg = Debug|Any CPU
		{2B1C0223-4DE6-4E35-A1FC-1D412C05BDBF}.Debug|Any CPU.Build.0 = Debug|Any CPU
		{2B1C0223-4DE6-4E35-A1FC-1D412C05BDBF}.Release|Any CPU.ActiveCfg = Release|Any CPU
		{2B1C0223-4DE6-4E35-A1FC-1D412C05BDBF}.Release|Any CPU.Build.0 = Release|Any CPU
		{0A308410-A863-4503-9388-66B136BE3E72}.Debug|Any CPU.ActiveCfg = Debug|Any CPU
		{0A308410-A863-4503-9388-66B136BE3E72}.Debug|Any CPU.Build.0 = Debug|Any CPU
		{0A308410-A863-4503-9388-66B136BE3E72}.Release|Any CPU.ActiveCfg = Release|Any CPU
		{0A308410-A863-4503-9388-66B136BE3E72}.Release|Any CPU.Build.0 = Release|Any CPU
	EndGlobalSection
	GlobalSection(SolutionProperties) = preSolution
		HideSolutionNode = FALSE
	EndGlobalSection
EndGlobal
